{
  "name": "pdf-screenshot",
  "version": "1.0.0",
  "lockfileVersion": 3,
  "requires": true,
  "packages": {
    "": {
      "name": "pdf-screenshot",
      "version": "1.0.0",
      "license": "MIT",
      "dependencies": {
        "@frozenick/pdfjs-canvas-free": "^1.0.0",
        "@napi-rs/canvas": "^0.1.53"
      }
    },
    "node_modules/@frozenick/pdfjs-canvas-free": {
      "version": "1.0.0",
      "resolved": "https://registry.npmjs.org/@frozenick/pdfjs-canvas-free/-/pdfjs-canvas-free-1.0.0.tgz",
      "integrity": "sha512-UEc55Qi4a8xDSqfqzyrU0w5i62am0Ji1NTH+MWVHFkZ0xR6XXlxOfowDKfSQh2hzXzTbOq9l3o7LSxIK42CdOQ==",
      "dependencies": {
        "web-streams-polyfill": "^3.2.1"
      },
      "optionalDependencies": {
        "@napi-rs/canvas": "^0.1.34"
      }
    },
    "node_modules/@napi-rs/canvas": {
      "version": "0.1.53",
      "resolved": "https://registry.npmjs.org/@napi-rs/canvas/-/canvas-0.1.53.tgz",
      "integrity": "sha512-XsEZi97+kKykmAiPpY+IpZoHxJY1srqFZp8jDt1/RySzC0kB0iZYt/VMIFqQKpLCARZjD7SOAz2AULtwYlesCA==",
      "engines": {
        "node": ">= 10"
      },
      "optionalDependencies": {
        "@napi-rs/canvas-android-arm64": "0.1.53",
        "@napi-rs/canvas-darwin-arm64": "0.1.53",
        "@napi-rs/canvas-darwin-x64": "0.1.53",
        "@napi-rs/canvas-linux-arm-gnueabihf": "0.1.53",
        "@napi-rs/canvas-linux-arm64-gnu": "0.1.53",
        "@napi-rs/canvas-linux-arm64-musl": "0.1.53",
        "@napi-rs/canvas-linux-x64-gnu": "0.1.53",
        "@napi-rs/canvas-linux-x64-musl": "0.1.53",
        "@napi-rs/canvas-win32-x64-msvc": "0.1.53"
      }
    },
    "node_modules/@napi-rs/canvas-android-arm64": {
      "version": "0.1.53",
      "resolved": "https://registry.npmjs.org/@napi-rs/canvas-android-arm64/-/canvas-android-arm64-0.1.53.tgz",
      "integrity": "sha512-2YhxfVsZguATlRWE0fZdTx35SE9+r5D7HV5GPNDataZOKmHf+zZ5//dspuuBSbOriQdoicaFrgXKCUqI0pK3WQ==",
      "cpu": [
        "arm64"
      ],
      "optional": true,
      "os": [
        "android"
      ],
      "engines": {
        "node": ">= 10"
      }
    },
    "node_modules/@napi-rs/canvas-darwin-arm64": {
      "version": "0.1.53",
      "resolved": "https://registry.npmjs.org/@napi-rs/canvas-darwin-arm64/-/canvas-darwin-arm64-0.1.53.tgz",
      "integrity": "sha512-ls+CWLMusf4RAGo5BvIIzA6dNcc0elwVp6LKjHfQECHA8KKmvdB58YuE5BQcTlb2rzk0SEKtBC/Th3NI2oNdfg==",
      "cpu": [
        "arm64"
      ],
      "optional": true,
      "os": [
        "darwin"
      ],
      "engines": {
        "node": ">= 10"
      }
    },
    "node_modules/@napi-rs/canvas-darwin-x64": {
      "version": "0.1.53",
      "resolved": "https://registry.npmjs.org/@napi-rs/canvas-darwin-x64/-/canvas-darwin-x64-0.1.53.tgz",
      "integrity": "sha512-ZAgcoCH5+5OKS2P8Lxx+jbkAPKkyLD2x6OvSrHg1U6ppdxmLA+CkJlRl8w45HCXwuyIiP7OeymECRtiNYTwznQ==",
      "cpu": [
        "x64"
      ],
      "optional": true,
      "os": [
        "darwin"
      ],
      "engines": {
        "node": ">= 10"
      }
    },
    "node_modules/@napi-rs/canvas-linux-arm-gnueabihf": {
      "version": "0.1.53",
      "resolved": "https://registry.npmjs.org/@napi-rs/canvas-linux-arm-gnueabihf/-/canvas-linux-arm-gnueabihf-0.1.53.tgz",
      "integrity": "sha512-p9km/3C/loDxu3AvA8/vtpIS1BGMd/Ehkl2Iu/v/Gw8N/KUIt3HUvTS7AKApyVE28bxTfq96wJQjtcT8jzDncw==",
      "cpu": [
        "arm"
      ],
      "optional": true,
      "os": [
        "linux"
      ],
      "engines": {
        "node": ">= 10"
      }
    },
    "node_modules/@napi-rs/canvas-linux-arm64-gnu": {
      "version": "0.1.53",
      "resolved": "https://registry.npmjs.org/@napi-rs/canvas-linux-arm64-gnu/-/canvas-linux-arm64-gnu-0.1.53.tgz",
      "integrity": "sha512-QKK+sykEiYwjwd+ogyLcpcnH38DNZ8KViBlnfEpoGA2Wa+21/cWQKfMxnbgb/rbvm5tazJinZcihFvH577WQ5g==",
      "cpu": [
        "arm64"
      ],
      "optional": true,
      "os": [
        "linux"
      ],
      "engines": {
        "node": ">= 10"
      }
    },
    "node_modules/@napi-rs/canvas-linux-arm64-musl": {
      "version": "0.1.53",
      "resolved": "https://registry.npmjs.org/@napi-rs/canvas-linux-arm64-musl/-/canvas-linux-arm64-musl-0.1.53.tgz",
      "integrity": "sha512-2N41U0X8RnrTKzpTtPv1ozlYkJtPsUdbfF3uP/KEd/BsULGd8Y8ghkGMS6CM+821au4ex0dPrWOOdT9wC1rSqQ==",
      "cpu": [
        "arm64"
      ],
      "optional": true,
      "os": [
        "linux"
      ],
      "engines": {
        "node": ">= 10"
      }
    },
    "node_modules/@napi-rs/canvas-linux-x64-gnu": {
      "version": "0.1.53",
      "resolved": "https://registry.npmjs.org/@napi-rs/canvas-linux-x64-gnu/-/canvas-linux-x64-gnu-0.1.53.tgz",
      "integrity": "sha512-7XjuTvDKCODtf/vMwF43VGDrjfgwYKgS91ggdcX3UrJaBYWyWu/+eqNvNj+zdXSe/0x+YOjf5jG4m8xIXdBMQA==",
      "cpu": [
        "x64"
      ],
      "optional": true,
      "os": [
        "linux"
      ],
      "engines": {
        "node": ">= 10"
      }
    },
    "node_modules/@napi-rs/canvas-linux-x64-musl": {
      "version": "0.1.53",
      "resolved": "https://registry.npmjs.org/@napi-rs/canvas-linux-x64-musl/-/canvas-linux-x64-musl-0.1.53.tgz",
      "integrity": "sha512-970WEvB8vmj+uxvgdBZ+AGFV7uq9GJhXrqG5PGQ5lWciHX0P0d/OhS2F7TITgFR0LsKDQZ7XQgzMxsYOfwZ0FQ==",
      "cpu": [
        "x64"
      ],
      "optional": true,
      "os": [
        "linux"
      ],
      "engines": {
        "node": ">= 10"
      }
    },
    "node_modules/@napi-rs/canvas-win32-x64-msvc": {
      "version": "0.1.53",
      "resolved": "https://registry.npmjs.org/@napi-rs/canvas-win32-x64-msvc/-/canvas-win32-x64-msvc-0.1.53.tgz",
      "integrity": "sha512-rLFQCSJaWg/sv54Aap9nAhaodi4Vyb4un50EgW+PNkk8icMziU6KLRKirGBdQr9ZdxnshAPeQXD1g2ArStujKA==",
      "cpu": [
        "x64"
      ],
      "optional": true,
      "os": [
        "win32"
      ],
      "engines": {
        "node": ">= 10"
      }
    },
    "node_modules/web-streams-polyfill": {
      "version": "3.3.3",
      "resolved": "https://registry.npmjs.org/web-streams-polyfill/-/web-streams-polyfill-3.3.3.tgz",
      "integrity": "sha512-d2JWLCivmZYTSIoge9MsgFCZrt571BikcWGYkjC1khllbTeDlGqZ2D8vD8E/lJa8WGWbb7Plm8/XJYV7IJHZZw==",
      "engines": {
        "node": ">= 8"
      }
    }
  }
}
